
Microsoft Visual Studio Solution File, Format Version 12.00
# Visual Studio Version 17
VisualStudioVersion = 17.11.35219.272
MinimumVisualStudioVersion = 10.0.40219.1
Project("{FAE04EC0-301F-11D3-BF4B-00C04F79EFBC}") = "Tournament.Api", "Tournament.Api\Tournament.Api.csproj", "{FF0B8EAE-3F4B-4437-AA22-320D7F081DC7}"
EndProject
Project("{FAE04EC0-301F-11D3-BF4B-00C04F79EFBC}") = "Tournament.Core", "Tournament.Core\Tournament.Core.csproj", "{4FA1C57F-4518-47D2-B4DF-BA92F60E7C6D}"
EndProject
Project("{FAE04EC0-301F-11D3-BF4B-00C04F79EFBC}") = "Tournament.Data", "Tournament.Data\Tournament.Data.csproj", "{E3AADCB0-537A-420A-AB76-6677F41F17A2}"
EndProject
Global
	GlobalSection(SolutionConfigurationPlatforms) = preSolution
		Debug|Any CPU = Debug|Any CPU
		Release|Any CPU = Release|Any CPU
	EndGlobalSection
	GlobalSection(ProjectConfigurationPlatforms) = postSolution
		{FF0B8EAE-3F4B-4437-AA22-320D7F081DC7}.Debug|Any CPU.ActiveCfg = Debug|Any CPU
		{FF0B8EAE-3F4B-4437-AA22-320D7F081DC7}.Debug|Any CPU.Build.0 = Debug|Any CPU
		{FF0B8EAE-3F4B-4437-AA22-320D7F081DC7}.Release|Any CPU.ActiveCfg = Release|Any CPU
		{FF0B8EAE-3F4B-4437-AA22-320D7F081DC7}.Release|Any CPU.Build.0 = Release|Any CPU
		{4FA1C57F-4518-47D2-B4DF-BA92F60E7C6D}.Debug|Any CPU.ActiveCfg = Debug|Any CPU
		{4FA1C57F-4518-47D2-B4DF-BA92F60E7C6D}.Debug|Any CPU.Build.0 = Debug|Any CPU
		{4FA1C57F-4518-47D2-B4DF-BA92F60E7C6D}.Release|Any CPU.ActiveCfg = Release|Any CPU
		{4FA1C57F-4518-47D2-B4DF-BA92F60E7C6D}.Release|Any CPU.Build.0 = Release|Any CPU
		{E3AADCB0-537A-420A-AB76-6677F41F17A2}.Debug|Any CPU.ActiveCfg = Debug|Any CPU
		{E3AADCB0-537A-420A-AB76-6677F41F17A2}.Debug|Any CPU.Build.0 = Debug|Any CPU
		{E3AADCB0-537A-420A-AB76-6677F41F17A2}.Release|Any CPU.ActiveCfg = Release|Any CPU
		{E3AADCB0-537A-420A-AB76-6677F41F17A2}.Release|Any CPU.Build.0 = Release|Any CPU
	EndGlobalSection
	GlobalSection(SolutionProperties) = preSolution
		HideSolutionNode = FALSE
	EndGlobalSection
	GlobalSection(ExtensibilityGlobals) = postSolution
		SolutionGuid = {7B81AA55-DBE8-46C0-9F09-1F217E25269D}
	EndGlobalSection
EndGlobal
